
Microsoft Visual Studio Solution File, Format Version 12.00
# Visual Studio Version 17
VisualStudioVersion = 17.11.35303.130
MinimumVisualStudioVersion = 10.0.40219.1
Project("{8BC9CEB8-8B4A-11D0-8D11-00A0C91BC942}") = "lab_5.2", "lab_5.2\lab_5.2.vcxproj", "{0D6A3FA6-AC44-4C47-906D-9B1564FEC943}"
EndProject
Project("{8BC9CEB8-8B4A-11D0-8D11-00A0C91BC942}") = "UnitTest2", "UnitTest2\UnitTest2.vcxproj", "{44B98084-C882-4249-8563-B34BCE419E2B}"
EndProject
Global
	GlobalSection(SolutionConfigurationPlatforms) = preSolution
		Debug|x64 = Debug|x64
		Debug|x86 = Debug|x86
		Release|x64 = Release|x64
		Release|x86 = Release|x86
	EndGlobalSection
	GlobalSection(ProjectConfigurationPlatforms) = postSolution
		{0D6A3FA6-AC44-4C47-906D-9B1564FEC943}.Debug|x64.ActiveCfg = Debug|x64
		{0D6A3FA6-AC44-4C47-906D-9B1564FEC943}.Debug|x64.Build.0 = Debug|x64
		{0D6A3FA6-AC44-4C47-906D-9B1564FEC943}.Debug|x86.ActiveCfg = Debug|Win32
		{0D6A3FA6-AC44-4C47-906D-9B1564FEC943}.Debug|x86.Build.0 = Debug|Win32
		{0D6A3FA6-AC44-4C47-906D-9B1564FEC943}.Release|x64.ActiveCfg = Release|x64
		{0D6A3FA6-AC44-4C47-906D-9B1564FEC943}.Release|x64.Build.0 = Release|x64
		{0D6A3FA6-AC44-4C47-906D-9B1564FEC943}.Release|x86.ActiveCfg = Release|Win32
		{0D6A3FA6-AC44-4C47-906D-9B1564FEC943}.Release|x86.Build.0 = Release|Win32
		{44B98084-C882-4249-8563-B34BCE419E2B}.Debug|x64.ActiveCfg = Debug|x64
		{44B98084-C882-4249-8563-B34BCE419E2B}.Debug|x64.Build.0 = Debug|x64
		{44B98084-C882-4249-8563-B34BCE419E2B}.Debug|x86.ActiveCfg = Debug|Win32
		{44B98084-C882-4249-8563-B34BCE419E2B}.Debug|x86.Build.0 = Debug|Win32
		{44B98084-C882-4249-8563-B34BCE419E2B}.Release|x64.ActiveCfg = Release|x64
		{44B98084-C882-4249-8563-B34BCE419E2B}.Release|x64.Build.0 = Release|x64
		{44B98084-C882-4249-8563-B34BCE419E2B}.Release|x86.ActiveCfg = Release|Win32
		{44B98084-C882-4249-8563-B34BCE419E2B}.Release|x86.Build.0 = Release|Win32
	EndGlobalSection
	GlobalSection(SolutionProperties) = preSolution
		HideSolutionNode = FALSE
	EndGlobalSection
	GlobalSection(ExtensibilityGlobals) = postSolution
		SolutionGuid = {EF3F1A7A-9A51-465B-B461-347B8E52D420}
	EndGlobalSection
EndGlobal
